github.com/imfing/hextra v0.12.1 h1:3t1n0bmJbDzSTVfht93UDcfF1BXMRjeFojA071ri2l8=
github.com/imfing/hextra v0.12.1/go.mod h1:vi+yhpq8YPp/aghvJlNKVnJKcPJ/VyAEcfC1BSV9ARo=
github.com/oer-particle-physics/hugo-styles v0.0.0-20260412131146-fb26f680421d h1:udKGONgLJB4+DTVTy9CHQL1pku3cIyxZSgRPNB73ooI=
github.com/oer-particle-physics/hugo-styles v0.0.0-20260412131146-fb26f680421d/go.mod h1:xqFkY9oxqm13s30BQewyVS4xD5QUpJi8bbsxlUJHiPc=
github.com/oer-particle-physics/hugo-styles v0.0.0-20260413125150-445830cdd16b h1:QWcfD08frljQ2usxGJ3WaroPpruwcDz6BsTYMZ/fL0o=
github.com/oer-particle-physics/hugo-styles v0.0.0-20260413125150-445830cdd16b/go.mod h1:xqFkY9oxqm13s30BQewyVS4xD5QUpJi8bbsxlUJHiPc=
github.com/oer-particle-physics/hugo-styles v0.0.0-20260413222650-070265b1d60f h1:oEfScPaJ8RCoc1PsShzttNhgBeb6XpNQsilP8tCQzUY=
github.com/oer-particle-physics/hugo-styles v0.0.0-20260413222650-070265b1d60f/go.mod h1:xqFkY9oxqm13s30BQewyVS4xD5QUpJi8bbsxlUJHiPc=
github.com/oer-particle-physics/hugo-styles v0.0.0-20260416212013-9320a9870a3f h1:yAzzlG5guUCXxnNFlAlfUveqFHX+Af7BHT2gfcYvGDo=
github.com/oer-particle-physics/hugo-styles v0.0.0-20260416212013-9320a9870a3f/go.mod h1:xqFkY9oxqm13s30BQewyVS4xD5QUpJi8bbsxlUJHiPc=
github.com/oer-particle-physics/hugo-styles v0.0.0-20260416213742-105b5e2796c7 h1:RQCs2o1eHsCkFb23l+u7U6rzBzza7w5J9lIHgi0IDso=
github.com/oer-particle-physics/hugo-styles v0.0.0-20260416213742-105b5e2796c7/go.mod h1:xqFkY9oxqm13s30BQewyVS4xD5QUpJi8bbsxlUJHiPc=
github.com/oer-particle-physics/hugo-styles v0.0.0-20260418090511-98b037c79f20 h1:yBVHThg/2TMre4ltCNiL0PxNWCdYvMbugfXtHFL/LPA=
github.com/oer-particle-physics/hugo-styles v0.0.0-20260418090511-98b037c79f20/go.mod h1:xqFkY9oxqm13s30BQewyVS4xD5QUpJi8bbsxlUJHiPc=
github.com/oer-particle-physics/hugo-styles v0.0.0-20260419095600-529ed8593f21 h1:UMmrbT6Q4/a6f3RpPaAmlT0zkyCE9O3YJYhMd5yeykk=
github.com/oer-particle-physics/hugo-styles v0.0.0-20260419095600-529ed8593f21/go.mod h1:xqFkY9oxqm13s30BQewyVS4xD5QUpJi8bbsxlUJHiPc=
github.com/oer-particle-physics/hugo-styles v0.0.0-20260419102031-b0f04c3c5277 h1:YRdd/OhxFMADW5QUu+IbWaZXwAF40Qd3PyQARip0YS0=
github.com/oer-particle-physics/hugo-styles v0.0.0-20260419102031-b0f04c3c5277/go.mod h1:xqFkY9oxqm13s30BQewyVS4xD5QUpJi8bbsxlUJHiPc=
github.com/oer-particle-physics/hugo-styles v0.2.0 h1:39pHWgn4/uTy3sBKV6CWLEitxAD2+nGToZkDwr6iJkw=
github.com/oer-particle-physics/hugo-styles v0.2.0/go.mod h1:xqFkY9oxqm13s30BQewyVS4xD5QUpJi8bbsxlUJHiPc=
github.com/oer-particle-physics/hugo-styles v0.2.1 h1:wix5GjuXr2kLm3pqh3cttRGMef6kD6mCNRUYGr/q3/0=
github.com/oer-particle-physics/hugo-styles v0.2.1/go.mod h1:xqFkY9oxqm13s30BQewyVS4xD5QUpJi8bbsxlUJHiPc=
github.com/oer-particle-physics/hugo-styles v0.3.2 h1:yXZgjxArNUNAHyn6ciZW6HkpYbs+PD4soQOwcbwJSLc=
github.com/oer-particle-physics/hugo-styles v0.3.2/go.mod h1:xqFkY9oxqm13s30BQewyVS4xD5QUpJi8bbsxlUJHiPc=
github.com/oer-particle-physics/hugo-styles v0.3.3 h1:msRlVuUV4dNqh81ZiFgnX50ShyS/QRS1AeVRnEPSDfE=
github.com/oer-particle-physics/hugo-styles v0.3.3/go.mod h1:xqFkY9oxqm13s30BQewyVS4xD5QUpJi8bbsxlUJHiPc=
github.com/oer-particle-physics/hugo-styles v0.3.5 h1:667f8+xMvBJXks9Si4z7SMNZ0jr2gp+2uD7g0kbnpic=
github.com/oer-particle-physics/hugo-styles v0.3.5/go.mod h1:xqFkY9oxqm13s30BQewyVS4xD5QUpJi8bbsxlUJHiPc=
github.com/oer-particle-physics/hugo-styles v0.3.6 h1:0qp5T4WWEazi5ln2sYV2dcmffJcYN5GjEJssMMmBChU=
github.com/oer-particle-physics/hugo-styles v0.3.6/go.mod h1:xqFkY9oxqm13s30BQewyVS4xD5QUpJi8bbsxlUJHiPc=
github.com/oer-particle-physics/hugo-styles v0.3.7-0.20260522163503-c5a57ae31e51 h1:BWl8lQLPE+XRJM0JIGUhuWWauS/KssiRcVRvcWOjneI=
github.com/oer-particle-physics/hugo-styles v0.3.7-0.20260522163503-c5a57ae31e51/go.mod h1:xqFkY9oxqm13s30BQewyVS4xD5QUpJi8bbsxlUJHiPc=
